
Microsoft Visual Studio Solution File, Format Version 12.00
# Visual Studio Version 17
VisualStudioVersion = 17.10.35013.160
MinimumVisualStudioVersion = 10.0.40219.1
Project("{9A19103F-16F7-4668-BE54-9A1E7A4F7556}") = "PresentationApp", "PresentationApp.csproj", "{23761D26-4E4A-4E54-8654-B24E1D9A93C2}"
EndProject
Global
	GlobalSection(SolutionConfigurationPlatforms) = preSolution
		Debug|Any CPU = Debug|Any CPU
		Release|Any CPU = Release|Any CPU
	EndGlobalSection
	GlobalSection(ProjectConfigurationPlatforms) = postSolution
		{23761D26-4E4A-4E54-8654-B24E1D9A93C2}.Debug|Any CPU.ActiveCfg = Debug|Any CPU
		{23761D26-4E4A-4E54-8654-B24E1D9A93C2}.Debug|Any CPU.Build.0 = Debug|Any CPU
		{23761D26-4E4A-4E54-8654-B24E1D9A93C2}.Release|Any CPU.ActiveCfg = Release|Any CPU
		{23761D26-4E4A-4E54-8654-B24E1D9A93C2}.Release|Any CPU.Build.0 = Release|Any CPU
	EndGlobalSection
	GlobalSection(SolutionProperties) = preSolution
		HideSolutionNode = FALSE
	EndGlobalSection
	GlobalSection(ExtensibilityGlobals) = postSolution
		SolutionGuid = {95F8C0AD-98E0-4610-907F-E02EDCE7DA71}
	EndGlobalSection
EndGlobal
